
Microsoft Visual Studio Solution File, Format Version 12.00
# Visual Studio Version 16
VisualStudioVersion = 16.0.809.1
MinimumVisualStudioVersion = 10.0.40219.1
Project("{FAE04EC0-301F-11D3-BF4B-00C04F79EFBC}") = "FitDeck_CSCI4805.iOS", "FitDeck_CSCI4805.iOS\FitDeck_CSCI4805.iOS.csproj", "{B153FD0E-AC0A-465E-90A3-29268C2DEB46}"
EndProject
Project("{FAE04EC0-301F-11D3-BF4B-00C04F79EFBC}") = "FitDeck_CSCI4805", "FitDeck_CSCI4805\FitDeck_CSCI4805.csproj", "{4B840A82-70FA-48BC-B4C4-467C4030180F}"
EndProject
Global
	GlobalSection(SolutionConfigurationPlatforms) = preSolution
		Debug|iPhoneSimulator = Debug|iPhoneSimulator
		Release|iPhoneSimulator = Release|iPhoneSimulator
		Debug|iPhone = Debug|iPhone
		Release|iPhone = Release|iPhone
		Debug|Any CPU = Debug|Any CPU
		Release|Any CPU = Release|Any CPU
	EndGlobalSection
	GlobalSection(ProjectConfigurationPlatforms) = postSolution
		{B153FD0E-AC0A-465E-90A3-29268C2DEB46}.Debug|iPhoneSimulator.ActiveCfg = Debug|iPhoneSimulator
		{B153FD0E-AC0A-465E-90A3-29268C2DEB46}.Debug|iPhoneSimulator.Build.0 = Debug|iPhoneSimulator
		{B153FD0E-AC0A-465E-90A3-29268C2DEB46}.Release|iPhoneSimulator.ActiveCfg = Release|iPhoneSimulator
		{B153FD0E-AC0A-465E-90A3-29268C2DEB46}.Release|iPhoneSimulator.Build.0 = Release|iPhoneSimulator
		{B153FD0E-AC0A-465E-90A3-29268C2DEB46}.Debug|iPhone.ActiveCfg = Debug|iPhone
		{B153FD0E-AC0A-465E-90A3-29268C2DEB46}.Debug|iPhone.Build.0 = Debug|iPhone
		{B153FD0E-AC0A-465E-90A3-29268C2DEB46}.Release|iPhone.ActiveCfg = Release|iPhone
		{B153FD0E-AC0A-465E-90A3-29268C2DEB46}.Release|iPhone.Build.0 = Release|iPhone
		{B153FD0E-AC0A-465E-90A3-29268C2DEB46}.Debug|Any CPU.ActiveCfg = Debug|iPhoneSimulator
		{B153FD0E-AC0A-465E-90A3-29268C2DEB46}.Debug|Any CPU.Build.0 = Debug|iPhoneSimulator
		{B153FD0E-AC0A-465E-90A3-29268C2DEB46}.Release|Any CPU.ActiveCfg = Release|iPhoneSimulator
		{B153FD0E-AC0A-465E-90A3-29268C2DEB46}.Release|Any CPU.Build.0 = Release|iPhoneSimulator
		{4B840A82-70FA-48BC-B4C4-467C4030180F}.Debug|iPhoneSimulator.ActiveCfg = Debug|Any CPU
		{4B840A82-70FA-48BC-B4C4-467C4030180F}.Debug|iPhoneSimulator.Build.0 = Debug|Any CPU
		{4B840A82-70FA-48BC-B4C4-467C4030180F}.Release|iPhoneSimulator.ActiveCfg = Release|Any CPU
		{4B840A82-70FA-48BC-B4C4-467C4030180F}.Release|iPhoneSimulator.Build.0 = Release|Any CPU
		{4B840A82-70FA-48BC-B4C4-467C4030180F}.Debug|iPhone.ActiveCfg = Debug|Any CPU
		{4B840A82-70FA-48BC-B4C4-467C4030180F}.Debug|iPhone.Build.0 = Debug|Any CPU
		{4B840A82-70FA-48BC-B4C4-467C4030180F}.Release|iPhone.ActiveCfg = Release|Any CPU
		{4B840A82-70FA-48BC-B4C4-467C4030180F}.Release|iPhone.Build.0 = Release|Any CPU
		{4B840A82-70FA-48BC-B4C4-467C4030180F}.Debug|Any CPU.ActiveCfg = Debug|Any CPU
		{4B840A82-70FA-48BC-B4C4-467C4030180F}.Debug|Any CPU.Build.0 = Debug|Any CPU
		{4B840A82-70FA-48BC-B4C4-467C4030180F}.Release|Any CPU.ActiveCfg = Release|Any CPU
		{4B840A82-70FA-48BC-B4C4-467C4030180F}.Release|Any CPU.Build.0 = Release|Any CPU
	EndGlobalSection
	GlobalSection(SolutionProperties) = preSolution
		HideSolutionNode = FALSE
	EndGlobalSection
	GlobalSection(ExtensibilityGlobals) = postSolution
		SolutionGuid = {2383EEEF-9E6F-4094-BDBA-07332CAFAE43}
	EndGlobalSection
EndGlobal
